
Microsoft Visual Studio Solution File, Format Version 12.00
# Visual Studio Version 17
VisualStudioVersion = 17.0.31903.59
MinimumVisualStudioVersion = 10.0.40219.1
Project("{9A19103F-16F7-4668-BE54-9A1E7A4F7556}") = "WebDBserverAPI", "WebDBserverAPI\WebDBserverAPI.csproj", "{7F8CBD4E-60C6-4147-AD2F-12CD0C93C890}"
EndProject
Project("{9A19103F-16F7-4668-BE54-9A1E7A4F7556}") = "SEP3_WebServerClient", "SEP3_WebServerClient\SEP3_WebServerClient.csproj", "{9FFED981-3B28-4F59-AE63-AA64B1093F8F}"
EndProject
Global
	GlobalSection(SolutionConfigurationPlatforms) = preSolution
		Debug|Any CPU = Debug|Any CPU
		Release|Any CPU = Release|Any CPU
	EndGlobalSection
	GlobalSection(ProjectConfigurationPlatforms) = postSolution
		{7F8CBD4E-60C6-4147-AD2F-12CD0C93C890}.Debug|Any CPU.ActiveCfg = Debug|Any CPU
		{7F8CBD4E-60C6-4147-AD2F-12CD0C93C890}.Debug|Any CPU.Build.0 = Debug|Any CPU
		{7F8CBD4E-60C6-4147-AD2F-12CD0C93C890}.Release|Any CPU.ActiveCfg = Release|Any CPU
		{7F8CBD4E-60C6-4147-AD2F-12CD0C93C890}.Release|Any CPU.Build.0 = Release|Any CPU
		{9FFED981-3B28-4F59-AE63-AA64B1093F8F}.Debug|Any CPU.ActiveCfg = Debug|Any CPU
		{9FFED981-3B28-4F59-AE63-AA64B1093F8F}.Debug|Any CPU.Build.0 = Debug|Any CPU
		{9FFED981-3B28-4F59-AE63-AA64B1093F8F}.Release|Any CPU.ActiveCfg = Release|Any CPU
		{9FFED981-3B28-4F59-AE63-AA64B1093F8F}.Release|Any CPU.Build.0 = Release|Any CPU
	EndGlobalSection
	GlobalSection(SolutionProperties) = preSolution
		HideSolutionNode = FALSE
	EndGlobalSection
	GlobalSection(ExtensibilityGlobals) = postSolution
		SolutionGuid = {0625D4A0-EB0F-4EAC-9810-F752EEABD6D4}
	EndGlobalSection
EndGlobal
