
Microsoft Visual Studio Solution File, Format Version 12.00
# Visual Studio Version 17
VisualStudioVersion = 17.0.31903.59
MinimumVisualStudioVersion = 10.0.40219.1
Project("{9A19103F-16F7-4668-BE54-9A1E7A4F7556}") = "WebDBserverAPI", "WebDBserverAPI\WebDBserverAPI.csproj", "{7F8CBD4E-60C6-4147-AD2F-12CD0C93C890}"
EndProject
Project("{9A19103F-16F7-4668-BE54-9A1E7A4F7556}") = "Entities", "Entities\Entities.csproj", "{4F0B8FAE-C10D-4843-B012-8CF207312C5A}"
EndProject
Project("{2150E333-8FDC-42A3-9474-1A3956D46DE8}") = "Tier 1", "Tier 1", "{3AD60C34-9136-4838-9714-4B2AB8A9AC21}"
EndProject
Project("{2150E333-8FDC-42A3-9474-1A3956D46DE8}") = "Tier 3", "Tier 3", "{5DC20736-7777-4B78-905C-260C0F649825}"
EndProject
Project("{9A19103F-16F7-4668-BE54-9A1E7A4F7556}") = "T2Communication", "T2Communication\T2Communication.csproj", "{B5E3979D-00EB-4330-8A20-9B773C671135}"
EndProject
Project("{9A19103F-16F7-4668-BE54-9A1E7A4F7556}") = "DataBaseAccess", "DataBaseAccess\DataBaseAccess.csproj", "{F8C00474-9046-4A49-93F9-AA6811462581}"
EndProject
Project("{9A19103F-16F7-4668-BE54-9A1E7A4F7556}") = "Blazor", "Blazor\Blazor.csproj", "{57C8C879-3237-4F15-9568-FDAD17E04F0B}"
EndProject
Project("{9A19103F-16F7-4668-BE54-9A1E7A4F7556}") = "RepoTest", "RepoTest\RepoTest.csproj", "{13CCAB33-FD1D-471C-93D2-3BED4966A64F}"
EndProject
Project("{FAE04EC0-301F-11D3-BF4B-00C04F79EFBC}") = "T1Contracts", "T1Contracts\T1Contracts.csproj", "{F709E9CF-8DEA-49B5-991A-7E9CA8487462}"
EndProject
Project("{2150E333-8FDC-42A3-9474-1A3956D46DE8}") = "Tests", "Tests", "{D83BABF0-B965-49B1-BB27-A193963533D0}"
EndProject
Project("{FAE04EC0-301F-11D3-BF4B-00C04F79EFBC}") = "Repository", "Repository\Repository.csproj", "{64D8A9C2-892D-4881-A2FE-AD8D14D6C37D}"
EndProject
Project("{FAE04EC0-301F-11D3-BF4B-00C04F79EFBC}") = "Contracts", "Contracts\Contracts.csproj", "{CB30D91F-729A-4DC3-A377-DC8BA8C037F2}"
EndProject
Project("{FAE04EC0-301F-11D3-BF4B-00C04F79EFBC}") = "ServiceConfigurator", "ServiceConfigurator\ServiceConfigurator.csproj", "{251D1DB7-BD1D-4A5F-983A-276ABBFE6CCE}"
EndProject
Global
	GlobalSection(SolutionConfigurationPlatforms) = preSolution
		Debug|Any CPU = Debug|Any CPU
		Release|Any CPU = Release|Any CPU
	EndGlobalSection
	GlobalSection(ProjectConfigurationPlatforms) = postSolution
		{7F8CBD4E-60C6-4147-AD2F-12CD0C93C890}.Debug|Any CPU.ActiveCfg = Debug|Any CPU
		{7F8CBD4E-60C6-4147-AD2F-12CD0C93C890}.Debug|Any CPU.Build.0 = Debug|Any CPU
		{7F8CBD4E-60C6-4147-AD2F-12CD0C93C890}.Release|Any CPU.ActiveCfg = Release|Any CPU
		{7F8CBD4E-60C6-4147-AD2F-12CD0C93C890}.Release|Any CPU.Build.0 = Release|Any CPU
		{4F0B8FAE-C10D-4843-B012-8CF207312C5A}.Debug|Any CPU.ActiveCfg = Debug|Any CPU
		{4F0B8FAE-C10D-4843-B012-8CF207312C5A}.Debug|Any CPU.Build.0 = Debug|Any CPU
		{4F0B8FAE-C10D-4843-B012-8CF207312C5A}.Release|Any CPU.ActiveCfg = Release|Any CPU
		{4F0B8FAE-C10D-4843-B012-8CF207312C5A}.Release|Any CPU.Build.0 = Release|Any CPU
		{B5E3979D-00EB-4330-8A20-9B773C671135}.Debug|Any CPU.ActiveCfg = Debug|Any CPU
		{B5E3979D-00EB-4330-8A20-9B773C671135}.Debug|Any CPU.Build.0 = Debug|Any CPU
		{B5E3979D-00EB-4330-8A20-9B773C671135}.Release|Any CPU.ActiveCfg = Release|Any CPU
		{B5E3979D-00EB-4330-8A20-9B773C671135}.Release|Any CPU.Build.0 = Release|Any CPU
		{F8C00474-9046-4A49-93F9-AA6811462581}.Debug|Any CPU.ActiveCfg = Debug|Any CPU
		{F8C00474-9046-4A49-93F9-AA6811462581}.Debug|Any CPU.Build.0 = Debug|Any CPU
		{F8C00474-9046-4A49-93F9-AA6811462581}.Release|Any CPU.ActiveCfg = Release|Any CPU
		{F8C00474-9046-4A49-93F9-AA6811462581}.Release|Any CPU.Build.0 = Release|Any CPU
		{57C8C879-3237-4F15-9568-FDAD17E04F0B}.Debug|Any CPU.ActiveCfg = Debug|Any CPU
		{57C8C879-3237-4F15-9568-FDAD17E04F0B}.Debug|Any CPU.Build.0 = Debug|Any CPU
		{57C8C879-3237-4F15-9568-FDAD17E04F0B}.Release|Any CPU.ActiveCfg = Release|Any CPU
		{57C8C879-3237-4F15-9568-FDAD17E04F0B}.Release|Any CPU.Build.0 = Release|Any CPU
		{13CCAB33-FD1D-471C-93D2-3BED4966A64F}.Debug|Any CPU.ActiveCfg = Debug|Any CPU
		{13CCAB33-FD1D-471C-93D2-3BED4966A64F}.Debug|Any CPU.Build.0 = Debug|Any CPU
		{13CCAB33-FD1D-471C-93D2-3BED4966A64F}.Release|Any CPU.ActiveCfg = Release|Any CPU
		{13CCAB33-FD1D-471C-93D2-3BED4966A64F}.Release|Any CPU.Build.0 = Release|Any CPU
		{F709E9CF-8DEA-49B5-991A-7E9CA8487462}.Debug|Any CPU.ActiveCfg = Debug|Any CPU
		{F709E9CF-8DEA-49B5-991A-7E9CA8487462}.Debug|Any CPU.Build.0 = Debug|Any CPU
		{F709E9CF-8DEA-49B5-991A-7E9CA8487462}.Release|Any CPU.ActiveCfg = Release|Any CPU
		{F709E9CF-8DEA-49B5-991A-7E9CA8487462}.Release|Any CPU.Build.0 = Release|Any CPU
		{64D8A9C2-892D-4881-A2FE-AD8D14D6C37D}.Debug|Any CPU.ActiveCfg = Debug|Any CPU
		{64D8A9C2-892D-4881-A2FE-AD8D14D6C37D}.Debug|Any CPU.Build.0 = Debug|Any CPU
		{64D8A9C2-892D-4881-A2FE-AD8D14D6C37D}.Release|Any CPU.ActiveCfg = Release|Any CPU
		{64D8A9C2-892D-4881-A2FE-AD8D14D6C37D}.Release|Any CPU.Build.0 = Release|Any CPU
		{CB30D91F-729A-4DC3-A377-DC8BA8C037F2}.Debug|Any CPU.ActiveCfg = Debug|Any CPU
		{CB30D91F-729A-4DC3-A377-DC8BA8C037F2}.Debug|Any CPU.Build.0 = Debug|Any CPU
		{CB30D91F-729A-4DC3-A377-DC8BA8C037F2}.Release|Any CPU.ActiveCfg = Release|Any CPU
		{CB30D91F-729A-4DC3-A377-DC8BA8C037F2}.Release|Any CPU.Build.0 = Release|Any CPU
		{251D1DB7-BD1D-4A5F-983A-276ABBFE6CCE}.Debug|Any CPU.ActiveCfg = Debug|Any CPU
		{251D1DB7-BD1D-4A5F-983A-276ABBFE6CCE}.Debug|Any CPU.Build.0 = Debug|Any CPU
		{251D1DB7-BD1D-4A5F-983A-276ABBFE6CCE}.Release|Any CPU.ActiveCfg = Release|Any CPU
		{251D1DB7-BD1D-4A5F-983A-276ABBFE6CCE}.Release|Any CPU.Build.0 = Release|Any CPU
	EndGlobalSection
	GlobalSection(SolutionProperties) = preSolution
		HideSolutionNode = FALSE
	EndGlobalSection
	GlobalSection(NestedProjects) = preSolution
		{7F8CBD4E-60C6-4147-AD2F-12CD0C93C890} = {5DC20736-7777-4B78-905C-260C0F649825}
		{B5E3979D-00EB-4330-8A20-9B773C671135} = {3AD60C34-9136-4838-9714-4B2AB8A9AC21}
		{F8C00474-9046-4A49-93F9-AA6811462581} = {5DC20736-7777-4B78-905C-260C0F649825}
		{57C8C879-3237-4F15-9568-FDAD17E04F0B} = {3AD60C34-9136-4838-9714-4B2AB8A9AC21}
		{F709E9CF-8DEA-49B5-991A-7E9CA8487462} = {3AD60C34-9136-4838-9714-4B2AB8A9AC21}
		{13CCAB33-FD1D-471C-93D2-3BED4966A64F} = {D83BABF0-B965-49B1-BB27-A193963533D0}
		{64D8A9C2-892D-4881-A2FE-AD8D14D6C37D} = {5DC20736-7777-4B78-905C-260C0F649825}
		{CB30D91F-729A-4DC3-A377-DC8BA8C037F2} = {5DC20736-7777-4B78-905C-260C0F649825}
		{251D1DB7-BD1D-4A5F-983A-276ABBFE6CCE} = {5DC20736-7777-4B78-905C-260C0F649825}
	EndGlobalSection
	GlobalSection(ExtensibilityGlobals) = postSolution
		SolutionGuid = {0625D4A0-EB0F-4EAC-9810-F752EEABD6D4}
	EndGlobalSection
EndGlobal
