
Microsoft Visual Studio Solution File, Format Version 12.00
# Visual Studio Version 17
VisualStudioVersion = 17.0.31903.59
MinimumVisualStudioVersion = 10.0.40219.1
Project("{9A19103F-16F7-4668-BE54-9A1E7A4F7556}") = "WebDBserverAPI", "WebDBserverAPI\WebDBserverAPI.csproj", "{7F8CBD4E-60C6-4147-AD2F-12CD0C93C890}"
EndProject
Project("{9A19103F-16F7-4668-BE54-9A1E7A4F7556}") = "WebServerClient", "WebServerClient\WebServerClient.csproj", "{9FFED981-3B28-4F59-AE63-AA64B1093F8F}"
EndProject
Project("{9A19103F-16F7-4668-BE54-9A1E7A4F7556}") = "Entities", "Entities\Entities.csproj", "{4F0B8FAE-C10D-4843-B012-8CF207312C5A}"
EndProject
Project("{2150E333-8FDC-42A3-9474-1A3956D46DE8}") = "Tier 1", "Tier 1", "{3AD60C34-9136-4838-9714-4B2AB8A9AC21}"
EndProject
Project("{2150E333-8FDC-42A3-9474-1A3956D46DE8}") = "Tier 3", "Tier 3", "{5DC20736-7777-4B78-905C-260C0F649825}"
EndProject
Project("{FAE04EC0-301F-11D3-BF4B-00C04F79EFBC}") = "T2Communication", "T2Communication\T2Communication.csproj", "{B5E3979D-00EB-4330-8A20-9B773C671135}"
EndProject
Project("{FAE04EC0-301F-11D3-BF4B-00C04F79EFBC}") = "DataBaseAccess", "DataBaseAccess\DataBaseAccess.csproj", "{F8C00474-9046-4A49-93F9-AA6811462581}"
EndProject
Global
	GlobalSection(SolutionConfigurationPlatforms) = preSolution
		Debug|Any CPU = Debug|Any CPU
		Release|Any CPU = Release|Any CPU
	EndGlobalSection
	GlobalSection(ProjectConfigurationPlatforms) = postSolution
		{7F8CBD4E-60C6-4147-AD2F-12CD0C93C890}.Debug|Any CPU.ActiveCfg = Debug|Any CPU
		{7F8CBD4E-60C6-4147-AD2F-12CD0C93C890}.Debug|Any CPU.Build.0 = Debug|Any CPU
		{7F8CBD4E-60C6-4147-AD2F-12CD0C93C890}.Release|Any CPU.ActiveCfg = Release|Any CPU
		{7F8CBD4E-60C6-4147-AD2F-12CD0C93C890}.Release|Any CPU.Build.0 = Release|Any CPU
		{9FFED981-3B28-4F59-AE63-AA64B1093F8F}.Debug|Any CPU.ActiveCfg = Debug|Any CPU
		{9FFED981-3B28-4F59-AE63-AA64B1093F8F}.Debug|Any CPU.Build.0 = Debug|Any CPU
		{9FFED981-3B28-4F59-AE63-AA64B1093F8F}.Release|Any CPU.ActiveCfg = Release|Any CPU
		{9FFED981-3B28-4F59-AE63-AA64B1093F8F}.Release|Any CPU.Build.0 = Release|Any CPU
		{4F0B8FAE-C10D-4843-B012-8CF207312C5A}.Debug|Any CPU.ActiveCfg = Debug|Any CPU
		{4F0B8FAE-C10D-4843-B012-8CF207312C5A}.Debug|Any CPU.Build.0 = Debug|Any CPU
		{4F0B8FAE-C10D-4843-B012-8CF207312C5A}.Release|Any CPU.ActiveCfg = Release|Any CPU
		{4F0B8FAE-C10D-4843-B012-8CF207312C5A}.Release|Any CPU.Build.0 = Release|Any CPU
		{B5E3979D-00EB-4330-8A20-9B773C671135}.Debug|Any CPU.ActiveCfg = Debug|Any CPU
		{B5E3979D-00EB-4330-8A20-9B773C671135}.Debug|Any CPU.Build.0 = Debug|Any CPU
		{B5E3979D-00EB-4330-8A20-9B773C671135}.Release|Any CPU.ActiveCfg = Release|Any CPU
		{B5E3979D-00EB-4330-8A20-9B773C671135}.Release|Any CPU.Build.0 = Release|Any CPU
		{F8C00474-9046-4A49-93F9-AA6811462581}.Debug|Any CPU.ActiveCfg = Debug|Any CPU
		{F8C00474-9046-4A49-93F9-AA6811462581}.Debug|Any CPU.Build.0 = Debug|Any CPU
		{F8C00474-9046-4A49-93F9-AA6811462581}.Release|Any CPU.ActiveCfg = Release|Any CPU
		{F8C00474-9046-4A49-93F9-AA6811462581}.Release|Any CPU.Build.0 = Release|Any CPU
	EndGlobalSection
	GlobalSection(SolutionProperties) = preSolution
		HideSolutionNode = FALSE
	EndGlobalSection
	GlobalSection(NestedProjects) = preSolution
		{7F8CBD4E-60C6-4147-AD2F-12CD0C93C890} = {5DC20736-7777-4B78-905C-260C0F649825}
		{9FFED981-3B28-4F59-AE63-AA64B1093F8F} = {3AD60C34-9136-4838-9714-4B2AB8A9AC21}
		{B5E3979D-00EB-4330-8A20-9B773C671135} = {3AD60C34-9136-4838-9714-4B2AB8A9AC21}
		{F8C00474-9046-4A49-93F9-AA6811462581} = {5DC20736-7777-4B78-905C-260C0F649825}
	EndGlobalSection
	GlobalSection(ExtensibilityGlobals) = postSolution
		SolutionGuid = {0625D4A0-EB0F-4EAC-9810-F752EEABD6D4}
	EndGlobalSection
	GlobalSection(NestedProjects) = preSolution
		{9FFED981-3B28-4F59-AE63-AA64B1093F8F} = {721A6B59-3557-47F3-BDD6-A7BE3274DFD5}
		{7F8CBD4E-60C6-4147-AD2F-12CD0C93C890} = {D996A621-B339-48A1-8269-7E21744BD5DD}
		{B5E3979D-00EB-4330-8A20-9B773C671135} = {721A6B59-3557-47F3-BDD6-A7BE3274DFD5}
	EndGlobalSection
EndGlobal
